// !$*UTF8*$!
{
	archiveVersion = 1;
	classes = {
	};
	objectVersion = 56;
	objects = {

/* Begin PBXBuildFile section */
		7D6F90052BD6B5C5003034F1 /* String+Extensions.swift in Sources */ = {isa = PBXBuildFile; fileRef = 7D6F90042BD6B5C5003034F1 /* String+Extensions.swift */; };
		7D6F90082BD6C40C003034F1 /* PREVIEW.gif in Resources */ = {isa = PBXBuildFile; fileRef = 7D6F90072BD6C40C003034F1 /* PREVIEW.gif */; };
		7D739F232BD13F7400E98E5C /* BigDataAppApp.swift in Sources */ = {isa = PBXBuildFile; fileRef = 7D739F222BD13F7400E98E5C /* BigDataAppApp.swift */; };
		7D739F272BD13F7500E98E5C /* Assets.xcassets in Resources */ = {isa = PBXBuildFile; fileRef = 7D739F262BD13F7500E98E5C /* Assets.xcassets */; };
		7D739F2A2BD13F7500E98E5C /* Preview Assets.xcassets in Resources */ = {isa = PBXBuildFile; fileRef = 7D739F292BD13F7500E98E5C /* Preview Assets.xcassets */; };
		7D739F342BD13F7600E98E5C /* BigDataAppTests.swift in Sources */ = {isa = PBXBuildFile; fileRef = 7D739F332BD13F7600E98E5C /* BigDataAppTests.swift */; };
		7D739F3E2BD13F7600E98E5C /* BigDataAppUITests.swift in Sources */ = {isa = PBXBuildFile; fileRef = 7D739F3D2BD13F7600E98E5C /* BigDataAppUITests.swift */; };
		7D739F402BD13F7600E98E5C /* BigDataAppUITestsLaunchTests.swift in Sources */ = {isa = PBXBuildFile; fileRef = 7D739F3F2BD13F7600E98E5C /* BigDataAppUITestsLaunchTests.swift */; };
		7D739F4E2BD1410300E98E5C /* Item.swift in Sources */ = {isa = PBXBuildFile; fileRef = 7D739F4D2BD1410300E98E5C /* Item.swift */; };
		7D739F522BD1431200E98E5C /* DataListViewModel.swift in Sources */ = {isa = PBXBuildFile; fileRef = 7D739F512BD1431200E98E5C /* DataListViewModel.swift */; };
		7D739F562BD1475700E98E5C /* DataListView.swift in Sources */ = {isa = PBXBuildFile; fileRef = 7D739F552BD1475700E98E5C /* DataListView.swift */; };
		7D739F592BD1820A00E98E5C /* DataListViewModelTests.swift in Sources */ = {isa = PBXBuildFile; fileRef = 7D739F582BD1820A00E98E5C /* DataListViewModelTests.swift */; };
		7D739F5B2BD186D100E98E5C /* MockItems.json in Resources */ = {isa = PBXBuildFile; fileRef = 7D739F5A2BD186D100E98E5C /* MockItems.json */; };
		7D739F5E2BD1880400E98E5C /* JSONItemsGateway.swift in Sources */ = {isa = PBXBuildFile; fileRef = 7D739F5D2BD1880400E98E5C /* JSONItemsGateway.swift */; };
		7D739F612BD18A1F00E98E5C /* AppError.swift in Sources */ = {isa = PBXBuildFile; fileRef = 7D739F602BD18A1F00E98E5C /* AppError.swift */; };
		7D82DD1D2BD3F36700153E42 /* FirebaseFirestoreSwift in Frameworks */ = {isa = PBXBuildFile; productRef = 7D82DD1C2BD3F36700153E42 /* FirebaseFirestoreSwift */; };
		7D82DD202BD3F3AF00153E42 /* FirebaseGateway.swift in Sources */ = {isa = PBXBuildFile; fileRef = 7D82DD1F2BD3F3AF00153E42 /* FirebaseGateway.swift */; };
		7D82DD232BD3F3DB00153E42 /* ItemsFetchable.swift in Sources */ = {isa = PBXBuildFile; fileRef = 7D82DD222BD3F3DB00153E42 /* ItemsFetchable.swift */; };
		7D82DD252BD3F40400153E42 /* ItemInterface.swift in Sources */ = {isa = PBXBuildFile; fileRef = 7D82DD242BD3F40400153E42 /* ItemInterface.swift */; };
		7D82DD272BD3F71100153E42 /* GoogleService-Info.plist in Resources */ = {isa = PBXBuildFile; fileRef = 7D82DD262BD3F71100153E42 /* GoogleService-Info.plist */; };
		7D82DD292BD3FDFA00153E42 /* ItemsResponse.swift in Sources */ = {isa = PBXBuildFile; fileRef = 7D82DD282BD3FDFA00153E42 /* ItemsResponse.swift */; };
		7D82DD2B2BD4035000153E42 /* ActiveAlert.swift in Sources */ = {isa = PBXBuildFile; fileRef = 7D82DD2A2BD4035000153E42 /* ActiveAlert.swift */; };
		7D82DD2F2BD4093300153E42 /* TopIncomeFilms.json in Resources */ = {isa = PBXBuildFile; fileRef = 7D82DD2E2BD4093300153E42 /* TopIncomeFilms.json */; };
		7D9D72452BD2E21D00F8F44A /* ItemKey.swift in Sources */ = {isa = PBXBuildFile; fileRef = 7D9D72442BD2E21D00F8F44A /* ItemKey.swift */; };
		7DEF5A502BD43BAB008A2683 /* AppDelegate.swift in Sources */ = {isa = PBXBuildFile; fileRef = 7DEF5A4F2BD43BAB008A2683 /* AppDelegate.swift */; };
		7DEF5A532BD446A8008A2683 /* Query+Extensions.swift in Sources */ = {isa = PBXBuildFile; fileRef = 7DEF5A522BD446A8008A2683 /* Query+Extensions.swift */; };
		7DEF5A552BD44982008A2683 /* Encodable+Extensions.swift in Sources */ = {isa = PBXBuildFile; fileRef = 7DEF5A542BD44982008A2683 /* Encodable+Extensions.swift */; };
		7DEF5A582BD56A0B008A2683 /* AppDIContainer.swift in Sources */ = {isa = PBXBuildFile; fileRef = 7DEF5A572BD56A0B008A2683 /* AppDIContainer.swift */; };
		7DEF5A5C2BD56D59008A2683 /* ItemsDIContainer.swift in Sources */ = {isa = PBXBuildFile; fileRef = 7DEF5A5B2BD56D59008A2683 /* ItemsDIContainer.swift */; };
		7DEF5A5E2BD586F8008A2683 /* AppFlowCoordinator.swift in Sources */ = {isa = PBXBuildFile; fileRef = 7DEF5A5D2BD586F8008A2683 /* AppFlowCoordinator.swift */; };
		7DEF5A612BD58830008A2683 /* ItemsFlowCoordinator.swift in Sources */ = {isa = PBXBuildFile; fileRef = 7DEF5A602BD58830008A2683 /* ItemsFlowCoordinator.swift */; };
		7DEF5A652BD598E7008A2683 /* RswiftLibrary in Frameworks */ = {isa = PBXBuildFile; productRef = 7DEF5A642BD598E7008A2683 /* RswiftLibrary */; };
		7DEF5A6C2BD5999C008A2683 /* Main.strings in Resources */ = {isa = PBXBuildFile; fileRef = 7DEF5A6A2BD5999C008A2683 /* Main.strings */; };
		7DEF5A6F2BD59B53008A2683 /* Errors.strings in Resources */ = {isa = PBXBuildFile; fileRef = 7DEF5A6D2BD59B53008A2683 /* Errors.strings */; };
		7DEF5A732BD59CCA008A2683 /* Launch Screen.storyboard in Resources */ = {isa = PBXBuildFile; fileRef = 7DEF5A722BD59CCA008A2683 /* Launch Screen.storyboard */; };
/* End PBXBuildFile section */

/* Begin PBXContainerItemProxy section */
		7D739F302BD13F7600E98E5C /* PBXContainerItemProxy */ = {
			isa = PBXContainerItemProxy;
			containerPortal = 7D739F172BD13F7400E98E5C /* Project object */;
			proxyType = 1;
			remoteGlobalIDString = 7D739F1E2BD13F7400E98E5C;
			remoteInfo = BigDataApp;
		};
		7D739F3A2BD13F7600E98E5C /* PBXContainerItemProxy */ = {
			isa = PBXContainerItemProxy;
			containerPortal = 7D739F172BD13F7400E98E5C /* Project object */;
			proxyType = 1;
			remoteGlobalIDString = 7D739F1E2BD13F7400E98E5C;
			remoteInfo = BigDataApp;
		};
/* End PBXContainerItemProxy section */

/* Begin PBXFileReference section */
		7D6F90042BD6B5C5003034F1 /* String+Extensions.swift */ = {isa = PBXFileReference; lastKnownFileType = sourcecode.swift; path = "String+Extensions.swift"; sourceTree = "<group>"; };
		7D6F90072BD6C40C003034F1 /* PREVIEW.gif */ = {isa = PBXFileReference; lastKnownFileType = image.gif; path = PREVIEW.gif; sourceTree = "<group>"; };
		7D739F1F2BD13F7400E98E5C /* BigDataApp.app */ = {isa = PBXFileReference; explicitFileType = wrapper.application; includeInIndex = 0; path = BigDataApp.app; sourceTree = BUILT_PRODUCTS_DIR; };
		7D739F222BD13F7400E98E5C /* BigDataAppApp.swift */ = {isa = PBXFileReference; lastKnownFileType = sourcecode.swift; path = BigDataAppApp.swift; sourceTree = "<group>"; };
		7D739F262BD13F7500E98E5C /* Assets.xcassets */ = {isa = PBXFileReference; lastKnownFileType = folder.assetcatalog; path = Assets.xcassets; sourceTree = "<group>"; };
		7D739F292BD13F7500E98E5C /* Preview Assets.xcassets */ = {isa = PBXFileReference; lastKnownFileType = folder.assetcatalog; path = "Preview Assets.xcassets"; sourceTree = "<group>"; };
		7D739F2F2BD13F7600E98E5C /* BigDataAppTests.xctest */ = {isa = PBXFileReference; explicitFileType = wrapper.cfbundle; includeInIndex = 0; path = BigDataAppTests.xctest; sourceTree = BUILT_PRODUCTS_DIR; };
		7D739F332BD13F7600E98E5C /* BigDataAppTests.swift */ = {isa = PBXFileReference; lastKnownFileType = sourcecode.swift; path = BigDataAppTests.swift; sourceTree = "<group>"; };
		7D739F392BD13F7600E98E5C /* BigDataAppUITests.xctest */ = {isa = PBXFileReference; explicitFileType = wrapper.cfbundle; includeInIndex = 0; path = BigDataAppUITests.xctest; sourceTree = BUILT_PRODUCTS_DIR; };
		7D739F3D2BD13F7600E98E5C /* BigDataAppUITests.swift */ = {isa = PBXFileReference; lastKnownFileType = sourcecode.swift; path = BigDataAppUITests.swift; sourceTree = "<group>"; };
		7D739F3F2BD13F7600E98E5C /* BigDataAppUITestsLaunchTests.swift */ = {isa = PBXFileReference; lastKnownFileType = sourcecode.swift; path = BigDataAppUITestsLaunchTests.swift; sourceTree = "<group>"; };
		7D739F4D2BD1410300E98E5C /* Item.swift */ = {isa = PBXFileReference; lastKnownFileType = sourcecode.swift; path = Item.swift; sourceTree = "<group>"; };
		7D739F512BD1431200E98E5C /* DataListViewModel.swift */ = {isa = PBXFileReference; lastKnownFileType = sourcecode.swift; path = DataListViewModel.swift; sourceTree = "<group>"; };
		7D739F552BD1475700E98E5C /* DataListView.swift */ = {isa = PBXFileReference; lastKnownFileType = sourcecode.swift; path = DataListView.swift; sourceTree = "<group>"; };
		7D739F582BD1820A00E98E5C /* DataListViewModelTests.swift */ = {isa = PBXFileReference; lastKnownFileType = sourcecode.swift; path = DataListViewModelTests.swift; sourceTree = "<group>"; };
		7D739F5A2BD186D100E98E5C /* MockItems.json */ = {isa = PBXFileReference; lastKnownFileType = text.json; path = MockItems.json; sourceTree = "<group>"; };
		7D739F5D2BD1880400E98E5C /* JSONItemsGateway.swift */ = {isa = PBXFileReference; lastKnownFileType = sourcecode.swift; path = JSONItemsGateway.swift; sourceTree = "<group>"; };
		7D739F602BD18A1F00E98E5C /* AppError.swift */ = {isa = PBXFileReference; lastKnownFileType = sourcecode.swift; path = AppError.swift; sourceTree = "<group>"; };
		7D82DD1F2BD3F3AF00153E42 /* FirebaseGateway.swift */ = {isa = PBXFileReference; lastKnownFileType = sourcecode.swift; path = FirebaseGateway.swift; sourceTree = "<group>"; };
		7D82DD222BD3F3DB00153E42 /* ItemsFetchable.swift */ = {isa = PBXFileReference; lastKnownFileType = sourcecode.swift; path = ItemsFetchable.swift; sourceTree = "<group>"; };
		7D82DD242BD3F40400153E42 /* ItemInterface.swift */ = {isa = PBXFileReference; lastKnownFileType = sourcecode.swift; path = ItemInterface.swift; sourceTree = "<group>"; };
		7D82DD262BD3F71100153E42 /* GoogleService-Info.plist */ = {isa = PBXFileReference; fileEncoding = 4; lastKnownFileType = text.plist.xml; path = "GoogleService-Info.plist"; sourceTree = "<group>"; };
		7D82DD282BD3FDFA00153E42 /* ItemsResponse.swift */ = {isa = PBXFileReference; lastKnownFileType = sourcecode.swift; path = ItemsResponse.swift; sourceTree = "<group>"; };
		7D82DD2A2BD4035000153E42 /* ActiveAlert.swift */ = {isa = PBXFileReference; lastKnownFileType = sourcecode.swift; path = ActiveAlert.swift; sourceTree = "<group>"; };
		7D82DD2E2BD4093300153E42 /* TopIncomeFilms.json */ = {isa = PBXFileReference; lastKnownFileType = text.json; path = TopIncomeFilms.json; sourceTree = "<group>"; };
		7D9D72442BD2E21D00F8F44A /* ItemKey.swift */ = {isa = PBXFileReference; lastKnownFileType = sourcecode.swift; path = ItemKey.swift; sourceTree = "<group>"; };
		7DEF12552BD6937200018104 /* README.md */ = {isa = PBXFileReference; lastKnownFileType = net.daringfireball.markdown; path = README.md; sourceTree = "<group>"; };
		7DEF5A4F2BD43BAB008A2683 /* AppDelegate.swift */ = {isa = PBXFileReference; lastKnownFileType = sourcecode.swift; path = AppDelegate.swift; sourceTree = "<group>"; };
		7DEF5A522BD446A8008A2683 /* Query+Extensions.swift */ = {isa = PBXFileReference; lastKnownFileType = sourcecode.swift; path = "Query+Extensions.swift"; sourceTree = "<group>"; };
		7DEF5A542BD44982008A2683 /* Encodable+Extensions.swift */ = {isa = PBXFileReference; lastKnownFileType = sourcecode.swift; path = "Encodable+Extensions.swift"; sourceTree = "<group>"; };
		7DEF5A572BD56A0B008A2683 /* AppDIContainer.swift */ = {isa = PBXFileReference; lastKnownFileType = sourcecode.swift; path = AppDIContainer.swift; sourceTree = "<group>"; };
		7DEF5A5B2BD56D59008A2683 /* ItemsDIContainer.swift */ = {isa = PBXFileReference; lastKnownFileType = sourcecode.swift; path = ItemsDIContainer.swift; sourceTree = "<group>"; };
		7DEF5A5D2BD586F8008A2683 /* AppFlowCoordinator.swift */ = {isa = PBXFileReference; lastKnownFileType = sourcecode.swift; path = AppFlowCoordinator.swift; sourceTree = "<group>"; };
		7DEF5A602BD58830008A2683 /* ItemsFlowCoordinator.swift */ = {isa = PBXFileReference; lastKnownFileType = sourcecode.swift; path = ItemsFlowCoordinator.swift; sourceTree = "<group>"; };
		7DEF5A6B2BD5999C008A2683 /* en */ = {isa = PBXFileReference; lastKnownFileType = text.plist.strings; name = en; path = en.lproj/Main.strings; sourceTree = "<group>"; };
		7DEF5A6E2BD59B53008A2683 /* en */ = {isa = PBXFileReference; lastKnownFileType = text.plist.strings; name = en; path = en.lproj/Errors.strings; sourceTree = "<group>"; };
		7DEF5A722BD59CCA008A2683 /* Launch Screen.storyboard */ = {isa = PBXFileReference; lastKnownFileType = file.storyboard; path = "Launch Screen.storyboard"; sourceTree = "<group>"; };
		7DEF5A742BD59D16008A2683 /* ru */ = {isa = PBXFileReference; lastKnownFileType = text.plist.strings; name = ru; path = ru.lproj/Main.strings; sourceTree = "<group>"; };
		7DEF5A752BD59D17008A2683 /* ru */ = {isa = PBXFileReference; lastKnownFileType = text.plist.strings; name = ru; path = ru.lproj/Errors.strings; sourceTree = "<group>"; };
/* End PBXFileReference section */

/* Begin PBXFrameworksBuildPhase section */
		7D739F1C2BD13F7400E98E5C /* Frameworks */ = {
			isa = PBXFrameworksBuildPhase;
			buildActionMask = 2147483647;
			files = (
				7D82DD1D2BD3F36700153E42 /* FirebaseFirestoreSwift in Frameworks */,
				7DEF5A652BD598E7008A2683 /* RswiftLibrary in Frameworks */,
			);
			runOnlyForDeploymentPostprocessing = 0;
		};
		7D739F2C2BD13F7600E98E5C /* Frameworks */ = {
			isa = PBXFrameworksBuildPhase;
			buildActionMask = 2147483647;
			files = (
			);
			runOnlyForDeploymentPostprocessing = 0;
		};
		7D739F362BD13F7600E98E5C /* Frameworks */ = {
			isa = PBXFrameworksBuildPhase;
			buildActionMask = 2147483647;
			files = (
			);
			runOnlyForDeploymentPostprocessing = 0;
		};
/* End PBXFrameworksBuildPhase section */

/* Begin PBXGroup section */
		7D739F162BD13F7400E98E5C = {
			isa = PBXGroup;
			children = (
				7DEF12552BD6937200018104 /* README.md */,
				7D6F90072BD6C40C003034F1 /* PREVIEW.gif */,
				7D739F212BD13F7400E98E5C /* BigDataApp */,
				7D739F322BD13F7600E98E5C /* BigDataAppTests */,
				7D739F3C2BD13F7600E98E5C /* BigDataAppUITests */,
				7D739F202BD13F7400E98E5C /* Products */,
			);
			sourceTree = "<group>";
		};
		7D739F202BD13F7400E98E5C /* Products */ = {
			isa = PBXGroup;
			children = (
				7D739F1F2BD13F7400E98E5C /* BigDataApp.app */,
				7D739F2F2BD13F7600E98E5C /* BigDataAppTests.xctest */,
				7D739F392BD13F7600E98E5C /* BigDataAppUITests.xctest */,
			);
			name = Products;
			sourceTree = "<group>";
		};
		7D739F212BD13F7400E98E5C /* BigDataApp */ = {
			isa = PBXGroup;
			children = (
				7D9D72432BD2950A00F8F44A /* Application */,
				7D9D72412BD294A100F8F44A /* Presentation */,
				7D739F5C2BD187F000E98E5C /* Gateways */,
				7D739F4C2BD140F900E98E5C /* Domain */,
				7D82DD212BD3F3C900153E42 /* Protocols */,
				7DEF5A512BD44697008A2683 /* Extensions */,
				7D739F5F2BD1886100E98E5C /* Resources */,
				7D739F282BD13F7500E98E5C /* Preview Content */,
			);
			path = BigDataApp;
			sourceTree = "<group>";
		};
		7D739F282BD13F7500E98E5C /* Preview Content */ = {
			isa = PBXGroup;
			children = (
				7D739F292BD13F7500E98E5C /* Preview Assets.xcassets */,
			);
			path = "Preview Content";
			sourceTree = "<group>";
		};
		7D739F322BD13F7600E98E5C /* BigDataAppTests */ = {
			isa = PBXGroup;
			children = (
				7D739F332BD13F7600E98E5C /* BigDataAppTests.swift */,
				7D739F572BD181C600E98E5C /* ViewModels */,
			);
			path = BigDataAppTests;
			sourceTree = "<group>";
		};
		7D739F3C2BD13F7600E98E5C /* BigDataAppUITests */ = {
			isa = PBXGroup;
			children = (
				7D739F3D2BD13F7600E98E5C /* BigDataAppUITests.swift */,
				7D739F3F2BD13F7600E98E5C /* BigDataAppUITestsLaunchTests.swift */,
			);
			path = BigDataAppUITests;
			sourceTree = "<group>";
		};
		7D739F4C2BD140F900E98E5C /* Domain */ = {
			isa = PBXGroup;
			children = (
				7D9D723F2BD2946B00F8F44A /* Entities */,
			);
			path = Domain;
			sourceTree = "<group>";
		};
		7D739F4F2BD142E900E98E5C /* ViewModels */ = {
			isa = PBXGroup;
			children = (
				7D739F512BD1431200E98E5C /* DataListViewModel.swift */,
				7D739F602BD18A1F00E98E5C /* AppError.swift */,
			);
			path = ViewModels;
			sourceTree = "<group>";
		};
		7D739F502BD142F800E98E5C /* Views */ = {
			isa = PBXGroup;
			children = (
				7D739F552BD1475700E98E5C /* DataListView.swift */,
			);
			path = Views;
			sourceTree = "<group>";
		};
		7D739F572BD181C600E98E5C /* ViewModels */ = {
			isa = PBXGroup;
			children = (
				7D739F582BD1820A00E98E5C /* DataListViewModelTests.swift */,
			);
			path = ViewModels;
			sourceTree = "<group>";
		};
		7D739F5C2BD187F000E98E5C /* Gateways */ = {
			isa = PBXGroup;
			children = (
				7D82DD1F2BD3F3AF00153E42 /* FirebaseGateway.swift */,
				7D739F5D2BD1880400E98E5C /* JSONItemsGateway.swift */,
			);
			path = Gateways;
			sourceTree = "<group>";
		};
		7D739F5F2BD1886100E98E5C /* Resources */ = {
			isa = PBXGroup;
			children = (
				7DEF5A692BD5996D008A2683 /* Localization */,
				7D739F262BD13F7500E98E5C /* Assets.xcassets */,
				7D739F5A2BD186D100E98E5C /* MockItems.json */,
				7D82DD2E2BD4093300153E42 /* TopIncomeFilms.json */,
				7D82DD262BD3F71100153E42 /* GoogleService-Info.plist */,
				7DEF5A722BD59CCA008A2683 /* Launch Screen.storyboard */,
			);
			path = Resources;
			sourceTree = "<group>";
		};
		7D82DD212BD3F3C900153E42 /* Protocols */ = {
			isa = PBXGroup;
			children = (
				7D82DD242BD3F40400153E42 /* ItemInterface.swift */,
				7D82DD222BD3F3DB00153E42 /* ItemsFetchable.swift */,
			);
			path = Protocols;
			sourceTree = "<group>";
		};
		7D9D723F2BD2946B00F8F44A /* Entities */ = {
			isa = PBXGroup;
			children = (
				7D82DD2A2BD4035000153E42 /* ActiveAlert.swift */,
				7D739F4D2BD1410300E98E5C /* Item.swift */,
				7D9D72442BD2E21D00F8F44A /* ItemKey.swift */,
				7D82DD282BD3FDFA00153E42 /* ItemsResponse.swift */,
			);
			path = Entities;
			sourceTree = "<group>";
		};
		7D9D72412BD294A100F8F44A /* Presentation */ = {
			isa = PBXGroup;
			children = (
				7DEF5A5F2BD5881F008A2683 /* Flows */,
				7DEF5A622BD58AEF008A2683 /* ItemsList */,
			);
			path = Presentation;
			sourceTree = "<group>";
		};
		7D9D72432BD2950A00F8F44A /* Application */ = {
			isa = PBXGroup;
			children = (
				7DEF5A4F2BD43BAB008A2683 /* AppDelegate.swift */,
				7DEF5A5D2BD586F8008A2683 /* AppFlowCoordinator.swift */,
				7D739F222BD13F7400E98E5C /* BigDataAppApp.swift */,
				7DEF5A562BD569ED008A2683 /* DIContainer */,
			);
			path = Application;
			sourceTree = "<group>";
		};
		7DEF5A512BD44697008A2683 /* Extensions */ = {
			isa = PBXGroup;
			children = (
				7DEF5A542BD44982008A2683 /* Encodable+Extensions.swift */,
				7D6F90042BD6B5C5003034F1 /* String+Extensions.swift */,
				7DEF5A522BD446A8008A2683 /* Query+Extensions.swift */,
			);
			path = Extensions;
			sourceTree = "<group>";
		};
		7DEF5A562BD569ED008A2683 /* DIContainer */ = {
			isa = PBXGroup;
			children = (
				7DEF5A572BD56A0B008A2683 /* AppDIContainer.swift */,
				7DEF5A5B2BD56D59008A2683 /* ItemsDIContainer.swift */,
			);
			path = DIContainer;
			sourceTree = "<group>";
		};
		7DEF5A5F2BD5881F008A2683 /* Flows */ = {
			isa = PBXGroup;
			children = (
				7DEF5A602BD58830008A2683 /* ItemsFlowCoordinator.swift */,
			);
			path = Flows;
			sourceTree = "<group>";
		};
		7DEF5A622BD58AEF008A2683 /* ItemsList */ = {
			isa = PBXGroup;
			children = (
				7D739F502BD142F800E98E5C /* Views */,
				7D739F4F2BD142E900E98E5C /* ViewModels */,
			);
			path = ItemsList;
			sourceTree = "<group>";
		};
		7DEF5A692BD5996D008A2683 /* Localization */ = {
			isa = PBXGroup;
			children = (
				7DEF5A6A2BD5999C008A2683 /* Main.strings */,
				7DEF5A6D2BD59B53008A2683 /* Errors.strings */,
			);
			path = Localization;
			sourceTree = "<group>";
		};
/* End PBXGroup section */

/* Begin PBXNativeTarget section */
		7D739F1E2BD13F7400E98E5C /* BigDataApp */ = {
			isa = PBXNativeTarget;
			buildConfigurationList = 7D739F432BD13F7600E98E5C /* Build configuration list for PBXNativeTarget "BigDataApp" */;
			buildPhases = (
				7D739F1B2BD13F7400E98E5C /* Sources */,
				7D739F1C2BD13F7400E98E5C /* Frameworks */,
				7D739F1D2BD13F7400E98E5C /* Resources */,
			);
			buildRules = (
			);
			dependencies = (
				7DEF5A672BD59909008A2683 /* PBXTargetDependency */,
			);
			name = BigDataApp;
			packageProductDependencies = (
				7D82DD1C2BD3F36700153E42 /* FirebaseFirestoreSwift */,
				7DEF5A642BD598E7008A2683 /* RswiftLibrary */,
			);
			productName = BigDataApp;
			productReference = 7D739F1F2BD13F7400E98E5C /* BigDataApp.app */;
			productType = "com.apple.product-type.application";
		};
		7D739F2E2BD13F7600E98E5C /* BigDataAppTests */ = {
			isa = PBXNativeTarget;
			buildConfigurationList = 7D739F462BD13F7600E98E5C /* Build configuration list for PBXNativeTarget "BigDataAppTests" */;
			buildPhases = (
				7D739F2B2BD13F7600E98E5C /* Sources */,
				7D739F2C2BD13F7600E98E5C /* Frameworks */,
				7D739F2D2BD13F7600E98E5C /* Resources */,
			);
			buildRules = (
			);
			dependencies = (
				7D739F312BD13F7600E98E5C /* PBXTargetDependency */,
			);
			name = BigDataAppTests;
			productName = BigDataAppTests;
			productReference = 7D739F2F2BD13F7600E98E5C /* BigDataAppTests.xctest */;
			productType = "com.apple.product-type.bundle.unit-test";
		};
		7D739F382BD13F7600E98E5C /* BigDataAppUITests */ = {
			isa = PBXNativeTarget;
			buildConfigurationList = 7D739F492BD13F7600E98E5C /* Build configuration list for PBXNativeTarget "BigDataAppUITests" */;
			buildPhases = (
				7D739F352BD13F7600E98E5C /* Sources */,
				7D739F362BD13F7600E98E5C /* Frameworks */,
				7D739F372BD13F7600E98E5C /* Resources */,
			);
			buildRules = (
			);
			dependencies = (
				7D739F3B2BD13F7600E98E5C /* PBXTargetDependency */,
			);
			name = BigDataAppUITests;
			productName = BigDataAppUITests;
			productReference = 7D739F392BD13F7600E98E5C /* BigDataAppUITests.xctest */;
			productType = "com.apple.product-type.bundle.ui-testing";
		};
/* End PBXNativeTarget section */

/* Begin PBXProject section */
		7D739F172BD13F7400E98E5C /* Project object */ = {
			isa = PBXProject;
			attributes = {
				BuildIndependentTargetsInParallel = 1;
				LastSwiftUpdateCheck = 1530;
				LastUpgradeCheck = 1530;
				TargetAttributes = {
					7D739F1E2BD13F7400E98E5C = {
						CreatedOnToolsVersion = 15.3;
					};
					7D739F2E2BD13F7600E98E5C = {
						CreatedOnToolsVersion = 15.3;
						TestTargetID = 7D739F1E2BD13F7400E98E5C;
					};
					7D739F382BD13F7600E98E5C = {
						CreatedOnToolsVersion = 15.3;
						TestTargetID = 7D739F1E2BD13F7400E98E5C;
					};
				};
			};
			buildConfigurationList = 7D739F1A2BD13F7400E98E5C /* Build configuration list for PBXProject "BigDataApp" */;
			compatibilityVersion = "Xcode 14.0";
			developmentRegion = en;
			hasScannedForEncodings = 0;
			knownRegions = (
				en,
				Base,
				ru,
			);
			mainGroup = 7D739F162BD13F7400E98E5C;
			packageReferences = (
				7D82DD1B2BD3F36700153E42 /* XCRemoteSwiftPackageReference "firebase-ios-sdk" */,
				7DEF5A632BD598E7008A2683 /* XCRemoteSwiftPackageReference "R.swift" */,
			);
			productRefGroup = 7D739F202BD13F7400E98E5C /* Products */;
			projectDirPath = "";
			projectRoot = "";
			targets = (
				7D739F1E2BD13F7400E98E5C /* BigDataApp */,
				7D739F2E2BD13F7600E98E5C /* BigDataAppTests */,
				7D739F382BD13F7600E98E5C /* BigDataAppUITests */,
			);
		};
/* End PBXProject section */

/* Begin PBXResourcesBuildPhase section */
		7D739F1D2BD13F7400E98E5C /* Resources */ = {
			isa = PBXResourcesBuildPhase;
			buildActionMask = 2147483647;
			files = (
				7D739F2A2BD13F7500E98E5C /* Preview Assets.xcassets in Resources */,
				7DEF5A6C2BD5999C008A2683 /* Main.strings in Resources */,
				7DEF5A732BD59CCA008A2683 /* Launch Screen.storyboard in Resources */,
				7D739F5B2BD186D100E98E5C /* MockItems.json in Resources */,
				7D739F272BD13F7500E98E5C /* Assets.xcassets in Resources */,
				7D6F90082BD6C40C003034F1 /* PREVIEW.gif in Resources */,
				7DEF5A6F2BD59B53008A2683 /* Errors.strings in Resources */,
				7D82DD2F2BD4093300153E42 /* TopIncomeFilms.json in Resources */,
				7D82DD272BD3F71100153E42 /* GoogleService-Info.plist in Resources */,
			);
			runOnlyForDeploymentPostprocessing = 0;
		};
		7D739F2D2BD13F7600E98E5C /* Resources */ = {
			isa = PBXResourcesBuildPhase;
			buildActionMask = 2147483647;
			files = (
			);
			runOnlyForDeploymentPostprocessing = 0;
		};
		7D739F372BD13F7600E98E5C /* Resources */ = {
			isa = PBXResourcesBuildPhase;
			buildActionMask = 2147483647;
			files = (
			);
			runOnlyForDeploymentPostprocessing = 0;
		};
/* End PBXResourcesBuildPhase section */

/* Begin PBXSourcesBuildPhase section */
		7D739F1B2BD13F7400E98E5C /* Sources */ = {
			isa = PBXSourcesBuildPhase;
			buildActionMask = 2147483647;
			files = (
				7D6F90052BD6B5C5003034F1 /* String+Extensions.swift in Sources */,
				7D9D72452BD2E21D00F8F44A /* ItemKey.swift in Sources */,
				7D82DD232BD3F3DB00153E42 /* ItemsFetchable.swift in Sources */,
				7D739F4E2BD1410300E98E5C /* Item.swift in Sources */,
				7D739F5E2BD1880400E98E5C /* JSONItemsGateway.swift in Sources */,
				7DEF5A502BD43BAB008A2683 /* AppDelegate.swift in Sources */,
				7DEF5A532BD446A8008A2683 /* Query+Extensions.swift in Sources */,
				7D739F522BD1431200E98E5C /* DataListViewModel.swift in Sources */,
				7D739F232BD13F7400E98E5C /* BigDataAppApp.swift in Sources */,
				7D82DD2B2BD4035000153E42 /* ActiveAlert.swift in Sources */,
				7DEF5A612BD58830008A2683 /* ItemsFlowCoordinator.swift in Sources */,
				7D82DD252BD3F40400153E42 /* ItemInterface.swift in Sources */,
				7DEF5A582BD56A0B008A2683 /* AppDIContainer.swift in Sources */,
				7D739F562BD1475700E98E5C /* DataListView.swift in Sources */,
				7DEF5A5C2BD56D59008A2683 /* ItemsDIContainer.swift in Sources */,
				7D82DD202BD3F3AF00153E42 /* FirebaseGateway.swift in Sources */,
				7DEF5A552BD44982008A2683 /* Encodable+Extensions.swift in Sources */,
				7D739F612BD18A1F00E98E5C /* AppError.swift in Sources */,
				7D82DD292BD3FDFA00153E42 /* ItemsResponse.swift in Sources */,
				7DEF5A5E2BD586F8008A2683 /* AppFlowCoordinator.swift in Sources */,
			);
			runOnlyForDeploymentPostprocessing = 0;
		};
		7D739F2B2BD13F7600E98E5C /* Sources */ = {
			isa = PBXSourcesBuildPhase;
			buildActionMask = 2147483647;
			files = (
				7D739F592BD1820A00E98E5C /* DataListViewModelTests.swift in Sources */,
				7D739F342BD13F7600E98E5C /* BigDataAppTests.swift in Sources */,
			);
			runOnlyForDeploymentPostprocessing = 0;
		};
		7D739F352BD13F7600E98E5C /* Sources */ = {
			isa = PBXSourcesBuildPhase;
			buildActionMask = 2147483647;
			files = (
				7D739F3E2BD13F7600E98E5C /* BigDataAppUITests.swift in Sources */,
				7D739F402BD13F7600E98E5C /* BigDataAppUITestsLaunchTests.swift in Sources */,
			);
			runOnlyForDeploymentPostprocessing = 0;
		};
/* End PBXSourcesBuildPhase section */

/* Begin PBXTargetDependency section */
		7D739F312BD13F7600E98E5C /* PBXTargetDependency */ = {
			isa = PBXTargetDependency;
			target = 7D739F1E2BD13F7400E98E5C /* BigDataApp */;
			targetProxy = 7D739F302BD13F7600E98E5C /* PBXContainerItemProxy */;
		};
		7D739F3B2BD13F7600E98E5C /* PBXTargetDependency */ = {
			isa = PBXTargetDependency;
			target = 7D739F1E2BD13F7400E98E5C /* BigDataApp */;
			targetProxy = 7D739F3A2BD13F7600E98E5C /* PBXContainerItemProxy */;
		};
		7DEF5A672BD59909008A2683 /* PBXTargetDependency */ = {
			isa = PBXTargetDependency;
			productRef = 7DEF5A662BD59909008A2683 /* RswiftGenerateInternalResources */;
		};
/* End PBXTargetDependency section */

/* Begin PBXVariantGroup section */
		7DEF5A6A2BD5999C008A2683 /* Main.strings */ = {
			isa = PBXVariantGroup;
			children = (
				7DEF5A6B2BD5999C008A2683 /* en */,
				7DEF5A742BD59D16008A2683 /* ru */,
			);
			name = Main.strings;
			sourceTree = "<group>";
		};
		7DEF5A6D2BD59B53008A2683 /* Errors.strings */ = {
			isa = PBXVariantGroup;
			children = (
				7DEF5A6E2BD59B53008A2683 /* en */,
				7DEF5A752BD59D17008A2683 /* ru */,
			);
			name = Errors.strings;
			sourceTree = "<group>";
		};
/* End PBXVariantGroup section */

/* Begin XCBuildConfiguration section */
		7D739F412BD13F7600E98E5C /* Debug */ = {
			isa = XCBuildConfiguration;
			buildSettings = {
				ALWAYS_SEARCH_USER_PATHS = NO;
				ASSETCATALOG_COMPILER_GENERATE_SWIFT_ASSET_SYMBOL_EXTENSIONS = YES;
				CLANG_ANALYZER_LOCALIZABILITY_NONLOCALIZED = YES;
				CLANG_ANALYZER_NONNULL = YES;
				CLANG_ANALYZER_NUMBER_OBJECT_CONVERSION = YES_AGGRESSIVE;
				CLANG_CXX_LANGUAGE_STANDARD = "gnu++20";
				CLANG_ENABLE_MODULES = YES;
				CLANG_ENABLE_OBJC_ARC = YES;
				CLANG_ENABLE_OBJC_WEAK = YES;
				CLANG_WARN_BLOCK_CAPTURE_AUTORELEASING = YES;
				CLANG_WARN_BOOL_CONVERSION = YES;
				CLANG_WARN_COMMA = YES;
				CLANG_WARN_CONSTANT_CONVERSION = YES;
				CLANG_WARN_DEPRECATED_OBJC_IMPLEMENTATIONS = YES;
				CLANG_WARN_DIRECT_OBJC_ISA_USAGE = YES_ERROR;
				CLANG_WARN_DOCUMENTATION_COMMENTS = YES;
				CLANG_WARN_EMPTY_BODY = YES;
				CLANG_WARN_ENUM_CONVERSION = YES;
				CLANG_WARN_INFINITE_RECURSION = YES;
				CLANG_WARN_INT_CONVERSION = YES;
				CLANG_WARN_NON_LITERAL_NULL_CONVERSION = YES;
				CLANG_WARN_OBJC_IMPLICIT_RETAIN_SELF = YES;
				CLANG_WARN_OBJC_LITERAL_CONVERSION = YES;
				CLANG_WARN_OBJC_ROOT_CLASS = YES_ERROR;
				CLANG_WARN_QUOTED_INCLUDE_IN_FRAMEWORK_HEADER = YES;
				CLANG_WARN_RANGE_LOOP_ANALYSIS = YES;
				CLANG_WARN_STRICT_PROTOTYPES = YES;
				CLANG_WARN_SUSPICIOUS_MOVE = YES;
				CLANG_WARN_UNGUARDED_AVAILABILITY = YES_AGGRESSIVE;
				CLANG_WARN_UNREACHABLE_CODE = YES;
				CLANG_WARN__DUPLICATE_METHOD_MATCH = YES;
				COPY_PHASE_STRIP = NO;
				DEBUG_INFORMATION_FORMAT = dwarf;
				ENABLE_STRICT_OBJC_MSGSEND = YES;
				ENABLE_TESTABILITY = YES;
				ENABLE_USER_SCRIPT_SANDBOXING = YES;
				GCC_C_LANGUAGE_STANDARD = gnu17;
				GCC_DYNAMIC_NO_PIC = NO;
				GCC_NO_COMMON_BLOCKS = YES;
				GCC_OPTIMIZATION_LEVEL = 0;
				GCC_PREPROCESSOR_DEFINITIONS = (
					"DEBUG=1",
					"$(inherited)",
				);
				GCC_WARN_64_TO_32_BIT_CONVERSION = YES;
				GCC_WARN_ABOUT_RETURN_TYPE = YES_ERROR;
				GCC_WARN_UNDECLARED_SELECTOR = YES;
				GCC_WARN_UNINITIALIZED_AUTOS = YES_AGGRESSIVE;
				GCC_WARN_UNUSED_FUNCTION = YES;
				GCC_WARN_UNUSED_VARIABLE = YES;
				IPHONEOS_DEPLOYMENT_TARGET = 17.0;
				LOCALIZATION_PREFERS_STRING_CATALOGS = YES;
				MTL_ENABLE_DEBUG_INFO = INCLUDE_SOURCE;
				MTL_FAST_MATH = YES;
				ONLY_ACTIVE_ARCH = YES;
				SDKROOT = iphoneos;
				SWIFT_ACTIVE_COMPILATION_CONDITIONS = "DEBUG $(inherited)";
				SWIFT_OPTIMIZATION_LEVEL = "-Onone";
			};
			name = Debug;
		};
		7D739F422BD13F7600E98E5C /* Release */ = {
			isa = XCBuildConfiguration;
			buildSettings = {
				ALWAYS_SEARCH_USER_PATHS = NO;
				ASSETCATALOG_COMPILER_GENERATE_SWIFT_ASSET_SYMBOL_EXTENSIONS = YES;
				CLANG_ANALYZER_LOCALIZABILITY_NONLOCALIZED = YES;
				CLANG_ANALYZER_NONNULL = YES;
				CLANG_ANALYZER_NUMBER_OBJECT_CONVERSION = YES_AGGRESSIVE;
				CLANG_CXX_LANGUAGE_STANDARD = "gnu++20";
				CLANG_ENABLE_MODULES = YES;
				CLANG_ENABLE_OBJC_ARC = YES;
				CLANG_ENABLE_OBJC_WEAK = YES;
				CLANG_WARN_BLOCK_CAPTURE_AUTORELEASING = YES;
				CLANG_WARN_BOOL_CONVERSION = YES;
				CLANG_WARN_COMMA = YES;
				CLANG_WARN_CONSTANT_CONVERSION = YES;
				CLANG_WARN_DEPRECATED_OBJC_IMPLEMENTATIONS = YES;
				CLANG_WARN_DIRECT_OBJC_ISA_USAGE = YES_ERROR;
				CLANG_WARN_DOCUMENTATION_COMMENTS = YES;
				CLANG_WARN_EMPTY_BODY = YES;
				CLANG_WARN_ENUM_CONVERSION = YES;
				CLANG_WARN_INFINITE_RECURSION = YES;
				CLANG_WARN_INT_CONVERSION = YES;
				CLANG_WARN_NON_LITERAL_NULL_CONVERSION = YES;
				CLANG_WARN_OBJC_IMPLICIT_RETAIN_SELF = YES;
				CLANG_WARN_OBJC_LITERAL_CONVERSION = YES;
				CLANG_WARN_OBJC_ROOT_CLASS = YES_ERROR;
				CLANG_WARN_QUOTED_INCLUDE_IN_FRAMEWORK_HEADER = YES;
				CLANG_WARN_RANGE_LOOP_ANALYSIS = YES;
				CLANG_WARN_STRICT_PROTOTYPES = YES;
				CLANG_WARN_SUSPICIOUS_MOVE = YES;
				CLANG_WARN_UNGUARDED_AVAILABILITY = YES_AGGRESSIVE;
				CLANG_WARN_UNREACHABLE_CODE = YES;
				CLANG_WARN__DUPLICATE_METHOD_MATCH = YES;
				COPY_PHASE_STRIP = NO;
				DEBUG_INFORMATION_FORMAT = "dwarf-with-dsym";
				ENABLE_NS_ASSERTIONS = NO;
				ENABLE_STRICT_OBJC_MSGSEND = YES;
				ENABLE_USER_SCRIPT_SANDBOXING = YES;
				GCC_C_LANGUAGE_STANDARD = gnu17;
				GCC_NO_COMMON_BLOCKS = YES;
				GCC_WARN_64_TO_32_BIT_CONVERSION = YES;
				GCC_WARN_ABOUT_RETURN_TYPE = YES_ERROR;
				GCC_WARN_UNDECLARED_SELECTOR = YES;
				GCC_WARN_UNINITIALIZED_AUTOS = YES_AGGRESSIVE;
				GCC_WARN_UNUSED_FUNCTION = YES;
				GCC_WARN_UNUSED_VARIABLE = YES;
				IPHONEOS_DEPLOYMENT_TARGET = 17.0;
				LOCALIZATION_PREFERS_STRING_CATALOGS = YES;
				MTL_ENABLE_DEBUG_INFO = NO;
				MTL_FAST_MATH = YES;
				SDKROOT = iphoneos;
				SWIFT_COMPILATION_MODE = wholemodule;
				VALIDATE_PRODUCT = YES;
			};
			name = Release;
		};
		7D739F442BD13F7600E98E5C /* Debug */ = {
			isa = XCBuildConfiguration;
			buildSettings = {
				ASSETCATALOG_COMPILER_APPICON_NAME = AppIcon;
				ASSETCATALOG_COMPILER_GLOBAL_ACCENT_COLOR_NAME = AccentColor;
				CODE_SIGN_STYLE = Automatic;
				CURRENT_PROJECT_VERSION = 1;
				DEVELOPMENT_ASSET_PATHS = "\"BigDataApp/Preview Content\"";
				DEVELOPMENT_TEAM = 946NQ7ZBS2;
				ENABLE_PREVIEWS = YES;
				GENERATE_INFOPLIST_FILE = YES;
				INFOPLIST_KEY_CFBundleDisplayName = "Films Income";
				INFOPLIST_KEY_UIApplicationSceneManifest_Generation = YES;
				INFOPLIST_KEY_UIApplicationSupportsIndirectInputEvents = YES;
				INFOPLIST_KEY_UILaunchScreen_Generation = YES;
				INFOPLIST_KEY_UILaunchStoryboardName = "Launch Screen.storyboard";
				INFOPLIST_KEY_UISupportedInterfaceOrientations_iPad = "UIInterfaceOrientationPortrait UIInterfaceOrientationPortraitUpsideDown UIInterfaceOrientationLandscapeLeft UIInterfaceOrientationLandscapeRight";
				INFOPLIST_KEY_UISupportedInterfaceOrientations_iPhone = "UIInterfaceOrientationPortrait UIInterfaceOrientationLandscapeLeft UIInterfaceOrientationLandscapeRight";
				IPHONEOS_DEPLOYMENT_TARGET = 17.0;
				LD_RUNPATH_SEARCH_PATHS = (
					"$(inherited)",
					"@executable_path/Frameworks",
				);
				MARKETING_VERSION = 1.0;
				PRODUCT_BUNDLE_IDENTIFIER = com.jem.bigdataapp.BigDataApp;
				PRODUCT_NAME = "$(TARGET_NAME)";
				SWIFT_EMIT_LOC_STRINGS = YES;
				SWIFT_VERSION = 5.0;
				TARGETED_DEVICE_FAMILY = "1,2";
			};
			name = Debug;
		};
		7D739F452BD13F7600E98E5C /* Release */ = {
			isa = XCBuildConfiguration;
			buildSettings = {
				ASSETCATALOG_COMPILER_APPICON_NAME = AppIcon;
				ASSETCATALOG_COMPILER_GLOBAL_ACCENT_COLOR_NAME = AccentColor;
				CODE_SIGN_STYLE = Automatic;
				CURRENT_PROJECT_VERSION = 1;
				DEVELOPMENT_ASSET_PATHS = "\"BigDataApp/Preview Content\"";
				DEVELOPMENT_TEAM = 946NQ7ZBS2;
				ENABLE_PREVIEWS = YES;
				GENERATE_INFOPLIST_FILE = YES;
				INFOPLIST_KEY_CFBundleDisplayName = "Films Income";
				INFOPLIST_KEY_UIApplicationSceneManifest_Generation = YES;
				INFOPLIST_KEY_UIApplicationSupportsIndirectInputEvents = YES;
				INFOPLIST_KEY_UILaunchScreen_Generation = YES;
				INFOPLIST_KEY_UILaunchStoryboardName = "Launch Screen.storyboard";
				INFOPLIST_KEY_UISupportedInterfaceOrientations_iPad = "UIInterfaceOrientationPortrait UIInterfaceOrientationPortraitUpsideDown UIInterfaceOrientationLandscapeLeft UIInterfaceOrientationLandscapeRight";
				INFOPLIST_KEY_UISupportedInterfaceOrientations_iPhone = "UIInterfaceOrientationPortrait UIInterfaceOrientationLandscapeLeft UIInterfaceOrientationLandscapeRight";
				IPHONEOS_DEPLOYMENT_TARGET = 17.0;
				LD_RUNPATH_SEARCH_PATHS = (
					"$(inherited)",
					"@executable_path/Frameworks",
				);
				MARKETING_VERSION = 1.0;
				PRODUCT_BUNDLE_IDENTIFIER = com.jem.bigdataapp.BigDataApp;
				PRODUCT_NAME = "$(TARGET_NAME)";
				SWIFT_EMIT_LOC_STRINGS = YES;
				SWIFT_VERSION = 5.0;
				TARGETED_DEVICE_FAMILY = "1,2";
			};
			name = Release;
		};
		7D739F472BD13F7600E98E5C /* Debug */ = {
			isa = XCBuildConfiguration;
			buildSettings = {
				ALWAYS_EMBED_SWIFT_STANDARD_LIBRARIES = YES;
				BUNDLE_LOADER = "$(TEST_HOST)";
				CODE_SIGN_STYLE = Automatic;
				CURRENT_PROJECT_VERSION = 1;
				DEVELOPMENT_TEAM = 946NQ7ZBS2;
				GENERATE_INFOPLIST_FILE = YES;
				IPHONEOS_DEPLOYMENT_TARGET = 17.4;
				MARKETING_VERSION = 1.0;
				PRODUCT_BUNDLE_IDENTIFIER = com.jem.bigdataapp.BigDataAppTests;
				PRODUCT_NAME = "$(TARGET_NAME)";
				SWIFT_EMIT_LOC_STRINGS = NO;
				SWIFT_VERSION = 5.0;
				TARGETED_DEVICE_FAMILY = "1,2";
				TEST_HOST = "$(BUILT_PRODUCTS_DIR)/BigDataApp.app/$(BUNDLE_EXECUTABLE_FOLDER_PATH)/BigDataApp";
			};
			name = Debug;
		};
		7D739F482BD13F7600E98E5C /* Release */ = {
			isa = XCBuildConfiguration;
			buildSettings = {
				ALWAYS_EMBED_SWIFT_STANDARD_LIBRARIES = YES;
				BUNDLE_LOADER = "$(TEST_HOST)";
				CODE_SIGN_STYLE = Automatic;
				CURRENT_PROJECT_VERSION = 1;
				DEVELOPMENT_TEAM = 946NQ7ZBS2;
				GENERATE_INFOPLIST_FILE = YES;
				IPHONEOS_DEPLOYMENT_TARGET = 17.4;
				MARKETING_VERSION = 1.0;
				PRODUCT_BUNDLE_IDENTIFIER = com.jem.bigdataapp.BigDataAppTests;
				PRODUCT_NAME = "$(TARGET_NAME)";
				SWIFT_EMIT_LOC_STRINGS = NO;
				SWIFT_VERSION = 5.0;
				TARGETED_DEVICE_FAMILY = "1,2";
				TEST_HOST = "$(BUILT_PRODUCTS_DIR)/BigDataApp.app/$(BUNDLE_EXECUTABLE_FOLDER_PATH)/BigDataApp";
			};
			name = Release;
		};
		7D739F4A2BD13F7600E98E5C /* Debug */ = {
			isa = XCBuildConfiguration;
			buildSettings = {
				ALWAYS_EMBED_SWIFT_STANDARD_LIBRARIES = YES;
				CODE_SIGN_STYLE = Automatic;
				CURRENT_PROJECT_VERSION = 1;
				DEVELOPMENT_TEAM = 946NQ7ZBS2;
				GENERATE_INFOPLIST_FILE = YES;
				MARKETING_VERSION = 1.0;
				PRODUCT_BUNDLE_IDENTIFIER = com.jem.bigdataapp.BigDataAppUITests;
				PRODUCT_NAME = "$(TARGET_NAME)";
				SWIFT_EMIT_LOC_STRINGS = NO;
				SWIFT_VERSION = 5.0;
				TARGETED_DEVICE_FAMILY = "1,2";
				TEST_TARGET_NAME = BigDataApp;
			};
			name = Debug;
		};
		7D739F4B2BD13F7600E98E5C /* Release */ = {
			isa = XCBuildConfiguration;
			buildSettings = {
				ALWAYS_EMBED_SWIFT_STANDARD_LIBRARIES = YES;
				CODE_SIGN_STYLE = Automatic;
				CURRENT_PROJECT_VERSION = 1;
				DEVELOPMENT_TEAM = 946NQ7ZBS2;
				GENERATE_INFOPLIST_FILE = YES;
				MARKETING_VERSION = 1.0;
				PRODUCT_BUNDLE_IDENTIFIER = com.jem.bigdataapp.BigDataAppUITests;
				PRODUCT_NAME = "$(TARGET_NAME)";
				SWIFT_EMIT_LOC_STRINGS = NO;
				SWIFT_VERSION = 5.0;
				TARGETED_DEVICE_FAMILY = "1,2";
				TEST_TARGET_NAME = BigDataApp;
			};
			name = Release;
		};
/* End XCBuildConfiguration section */

/* Begin XCConfigurationList section */
		7D739F1A2BD13F7400E98E5C /* Build configuration list for PBXProject "BigDataApp" */ = {
			isa = XCConfigurationList;
			buildConfigurations = (
				7D739F412BD13F7600E98E5C /* Debug */,
				7D739F422BD13F7600E98E5C /* Release */,
			);
			defaultConfigurationIsVisible = 0;
			defaultConfigurationName = Release;
		};
		7D739F432BD13F7600E98E5C /* Build configuration list for PBXNativeTarget "BigDataApp" */ = {
			isa = XCConfigurationList;
			buildConfigurations = (
				7D739F442BD13F7600E98E5C /* Debug */,
				7D739F452BD13F7600E98E5C /* Release */,
			);
			defaultConfigurationIsVisible = 0;
			defaultConfigurationName = Release;
		};
		7D739F462BD13F7600E98E5C /* Build configuration list for PBXNativeTarget "BigDataAppTests" */ = {
			isa = XCConfigurationList;
			buildConfigurations = (
				7D739F472BD13F7600E98E5C /* Debug */,
				7D739F482BD13F7600E98E5C /* Release */,
			);
			defaultConfigurationIsVisible = 0;
			defaultConfigurationName = Release;
		};
		7D739F492BD13F7600E98E5C /* Build configuration list for PBXNativeTarget "BigDataAppUITests" */ = {
			isa = XCConfigurationList;
			buildConfigurations = (
				7D739F4A2BD13F7600E98E5C /* Debug */,
				7D739F4B2BD13F7600E98E5C /* Release */,
			);
			defaultConfigurationIsVisible = 0;
			defaultConfigurationName = Release;
		};
/* End XCConfigurationList section */

/* Begin XCRemoteSwiftPackageReference section */
		7D82DD1B2BD3F36700153E42 /* XCRemoteSwiftPackageReference "firebase-ios-sdk" */ = {
			isa = XCRemoteSwiftPackageReference;
			repositoryURL = "https://github.com/firebase/firebase-ios-sdk.git";
			requirement = {
				kind = upToNextMajorVersion;
				minimumVersion = 10.24.0;
			};
		};
		7DEF5A632BD598E7008A2683 /* XCRemoteSwiftPackageReference "R.swift" */ = {
			isa = XCRemoteSwiftPackageReference;
			repositoryURL = "https://github.com/mac-cain13/R.swift.git";
			requirement = {
				kind = upToNextMajorVersion;
				minimumVersion = 7.5.0;
			};
		};
/* End XCRemoteSwiftPackageReference section */

/* Begin XCSwiftPackageProductDependency section */
		7D82DD1C2BD3F36700153E42 /* FirebaseFirestoreSwift */ = {
			isa = XCSwiftPackageProductDependency;
			package = 7D82DD1B2BD3F36700153E42 /* XCRemoteSwiftPackageReference "firebase-ios-sdk" */;
			productName = FirebaseFirestoreSwift;
		};
		7DEF5A642BD598E7008A2683 /* RswiftLibrary */ = {
			isa = XCSwiftPackageProductDependency;
			package = 7DEF5A632BD598E7008A2683 /* XCRemoteSwiftPackageReference "R.swift" */;
			productName = RswiftLibrary;
		};
		7DEF5A662BD59909008A2683 /* RswiftGenerateInternalResources */ = {
			isa = XCSwiftPackageProductDependency;
			package = 7DEF5A632BD598E7008A2683 /* XCRemoteSwiftPackageReference "R.swift" */;
			productName = "plugin:RswiftGenerateInternalResources";
		};
/* End XCSwiftPackageProductDependency section */
	};
	rootObject = 7D739F172BD13F7400E98E5C /* Project object */;
}
